
Microsoft Visual Studio Solution File, Format Version 12.00
# Visual Studio 15
VisualStudioVersion = 15.0.28307.645
MinimumVisualStudioVersion = 10.0.40219.1
Project("{FAE04EC0-301F-11D3-BF4B-00C04F79EFBC}") = "AtlantisConsole", "AtlantisConsole\AtlantisConsole.csproj", "{69301E76-AD8E-4C9B-A221-21C4AE175EAE}"
EndProject
Project("{FAE04EC0-301F-11D3-BF4B-00C04F79EFBC}") = "UnitTestsNet", "UnitTestsNet\UnitTestsNet.csproj", "{5899AF0B-6902-45DA-A722-386F41B008F3}"
EndProject
Global
	GlobalSection(SolutionConfigurationPlatforms) = preSolution
		Debug|Any CPU = Debug|Any CPU
		Release|Any CPU = Release|Any CPU
	EndGlobalSection
	GlobalSection(ProjectConfigurationPlatforms) = postSolution
		{69301E76-AD8E-4C9B-A221-21C4AE175EAE}.Debug|Any CPU.ActiveCfg = Debug|Any CPU
		{69301E76-AD8E-4C9B-A221-21C4AE175EAE}.Debug|Any CPU.Build.0 = Debug|Any CPU
		{69301E76-AD8E-4C9B-A221-21C4AE175EAE}.Release|Any CPU.ActiveCfg = Release|Any CPU
		{69301E76-AD8E-4C9B-A221-21C4AE175EAE}.Release|Any CPU.Build.0 = Release|Any CPU
		{5899AF0B-6902-45DA-A722-386F41B008F3}.Debug|Any CPU.ActiveCfg = Debug|Any CPU
		{5899AF0B-6902-45DA-A722-386F41B008F3}.Debug|Any CPU.Build.0 = Debug|Any CPU
		{5899AF0B-6902-45DA-A722-386F41B008F3}.Release|Any CPU.ActiveCfg = Release|Any CPU
		{5899AF0B-6902-45DA-A722-386F41B008F3}.Release|Any CPU.Build.0 = Release|Any CPU
	EndGlobalSection
	GlobalSection(SolutionProperties) = preSolution
		HideSolutionNode = FALSE
	EndGlobalSection
	GlobalSection(ExtensibilityGlobals) = postSolution
		SolutionGuid = {955EAEE3-0EAD-4855-ADB3-BC3B2FBD6C41}
	EndGlobalSection
EndGlobal
